
Microsoft Visual Studio Solution File, Format Version 12.00
# Visual Studio Version 16
VisualStudioVersion = 16.0.29102.190
MinimumVisualStudioVersion = 10.0.40219.1
Project("{FAE04EC0-301F-11D3-BF4B-00C04F79EFBC}") = "FunctionalPracticeCSharp", "FunctionalPracticeCSharp\FunctionalPracticeCSharp.csproj", "{C21C127B-1A20-424C-869E-3E002841C442}"
EndProject
Global
	GlobalSection(SolutionConfigurationPlatforms) = preSolution
		Debug|Any CPU = Debug|Any CPU
		Release|Any CPU = Release|Any CPU
	EndGlobalSection
	GlobalSection(ProjectConfigurationPlatforms) = postSolution
		{C21C127B-1A20-424C-869E-3E002841C442}.Debug|Any CPU.ActiveCfg = Debug|Any CPU
		{C21C127B-1A20-424C-869E-3E002841C442}.Debug|Any CPU.Build.0 = Debug|Any CPU
		{C21C127B-1A20-424C-869E-3E002841C442}.Release|Any CPU.ActiveCfg = Release|Any CPU
		{C21C127B-1A20-424C-869E-3E002841C442}.Release|Any CPU.Build.0 = Release|Any CPU
	EndGlobalSection
	GlobalSection(SolutionProperties) = preSolution
		HideSolutionNode = FALSE
	EndGlobalSection
	GlobalSection(ExtensibilityGlobals) = postSolution
		SolutionGuid = {DE018474-0490-4FA0-9DAC-8A860FC3A6CB}
	EndGlobalSection
EndGlobal
